
Microsoft Visual Studio Solution File, Format Version 12.00
# Visual Studio Version 16
VisualStudioVersion = 16.0.30907.101
MinimumVisualStudioVersion = 10.0.40219.1
Project("{9A19103F-16F7-4668-BE54-9A1E7A4F7556}") = "MyTextEditor.Test", "test\MyTextEditor.Test\MyTextEditor.Test.csproj", "{FDA96C2C-43E8-4301-B164-5EF09BFE92A8}"
EndProject
Project("{9A19103F-16F7-4668-BE54-9A1E7A4F7556}") = "MyTextEditor.EditorBuffer", "src\MyTextEditor.EditorBuffer\MyTextEditor.EditorBuffer\MyTextEditor.EditorBuffer.csproj", "{B6B66A82-0144-4AB5-B831-E44788BB23D4}"
EndProject
Global
	GlobalSection(SolutionConfigurationPlatforms) = preSolution
		Debug|Any CPU = Debug|Any CPU
		Release|Any CPU = Release|Any CPU
	EndGlobalSection
	GlobalSection(ProjectConfigurationPlatforms) = postSolution
		{FDA96C2C-43E8-4301-B164-5EF09BFE92A8}.Debug|Any CPU.ActiveCfg = Debug|Any CPU
		{FDA96C2C-43E8-4301-B164-5EF09BFE92A8}.Debug|Any CPU.Build.0 = Debug|Any CPU
		{FDA96C2C-43E8-4301-B164-5EF09BFE92A8}.Release|Any CPU.ActiveCfg = Release|Any CPU
		{FDA96C2C-43E8-4301-B164-5EF09BFE92A8}.Release|Any CPU.Build.0 = Release|Any CPU
		{B6B66A82-0144-4AB5-B831-E44788BB23D4}.Debug|Any CPU.ActiveCfg = Debug|Any CPU
		{B6B66A82-0144-4AB5-B831-E44788BB23D4}.Debug|Any CPU.Build.0 = Debug|Any CPU
		{B6B66A82-0144-4AB5-B831-E44788BB23D4}.Release|Any CPU.ActiveCfg = Release|Any CPU
		{B6B66A82-0144-4AB5-B831-E44788BB23D4}.Release|Any CPU.Build.0 = Release|Any CPU
	EndGlobalSection
	GlobalSection(SolutionProperties) = preSolution
		HideSolutionNode = FALSE
	EndGlobalSection
	GlobalSection(ExtensibilityGlobals) = postSolution
		SolutionGuid = {79829859-134A-4232-B92D-CB02EBFAF4F8}
	EndGlobalSection
EndGlobal
